
Microsoft Visual Studio Solution File, Format Version 12.00
# Visual Studio 2012
Project("{FAE04EC0-301F-11D3-BF4B-00C04F79EFBC}") = "BDCD40", "BDCD40\BDCD40.csproj", "{7308C25D-A729-4E56-88DC-3E9F60B2C9C1}"
EndProject
Project("{E24C65DC-7377-472B-9ABA-BC803B73C61A}") = "Servicios", "Servicios\", "{1294FDA7-ACAC-4DAE-9D62-E73D3BFE1F4F}"
	ProjectSection(WebsiteProperties) = preProject
		TargetFrameworkMoniker = ".NETFramework,Version%3Dv4.5"
		ProjectReferences = "{9AA917DF-52EA-4F8F-961A-2B7D9A7764BD}|SectorizacionDll.dll;{D9D5B865-733E-4FC9-9A1D-8319E1380ADE}|UtilitiesCD40.dll;{f4a852f5-4da4-4b99-a1d3-c881d12e8488}|ClusterLib.dll;{822F500D-ADB8-4BB1-8A1C-E9FEAFF369B0}|Utilities.dll;{7308c25d-a729-4e56-88dc-3e9f60b2c9c1}|BDCD40.dll;"
		Debug.AspNetCompiler.VirtualPath = "/Servicios"
		Debug.AspNetCompiler.PhysicalPath = "Servicios\"
		Debug.AspNetCompiler.TargetPath = "PrecompiledWeb\Servicios\"
		Debug.AspNetCompiler.Updateable = "true"
		Debug.AspNetCompiler.ForceOverwrite = "true"
		Debug.AspNetCompiler.FixedNames = "false"
		Debug.AspNetCompiler.Debug = "True"
		Release.AspNetCompiler.VirtualPath = "/Servicios"
		Release.AspNetCompiler.PhysicalPath = "Servicios\"
		Release.AspNetCompiler.TargetPath = "PrecompiledWeb\Servicios\"
		Release.AspNetCompiler.Updateable = "true"
		Release.AspNetCompiler.ForceOverwrite = "true"
		Release.AspNetCompiler.FixedNames = "false"
		Release.AspNetCompiler.Debug = "False"
		VWDPort = "63024"
	EndProjectSection
EndProject
Project("{E24C65DC-7377-472B-9ABA-BC803B73C61A}") = "Web", "Web\", "{F5725393-2DFD-4000-B473-915E68EA51BB}"
	ProjectSection(WebsiteProperties) = preProject
		TargetFrameworkMoniker = ".NETFramework,Version%3Dv4.5"
		ProjectReferences = "{D26A125D-D781-4487-929B-4DB85DAFAED9}|SincroCD30.dll;{c76cceea-4d6a-41d7-b653-040927eaef23}|Mensajes.dll;{822f500d-adb8-4bb1-8a1c-e9feaff369b0}|Utilities.dll;{f4a852f5-4da4-4b99-a1d3-c881d12e8488}|ClusterLib.dll;"
		Debug.AspNetCompiler.VirtualPath = "/PrecompiledWeb"
		Debug.AspNetCompiler.PhysicalPath = "Web\"
		Debug.AspNetCompiler.TargetPath = "PrecompiledWeb\"
		Debug.AspNetCompiler.Updateable = "true"
		Debug.AspNetCompiler.ForceOverwrite = "true"
		Debug.AspNetCompiler.FixedNames = "false"
		Debug.AspNetCompiler.Debug = "True"
		Release.AspNetCompiler.VirtualPath = "/PrecompiledWeb"
		Release.AspNetCompiler.PhysicalPath = "Web\"
		Release.AspNetCompiler.TargetPath = "PrecompiledWeb\"
		Release.AspNetCompiler.Updateable = "true"
		Release.AspNetCompiler.ForceOverwrite = "true"
		Release.AspNetCompiler.FixedNames = "false"
		Release.AspNetCompiler.Debug = "False"
		VWDPort = "50637"
		VWDVirtualPath = "/Web"
	EndProjectSection
	ProjectSection(ProjectDependencies) = postProject
		{7FFF3919-973C-43B4-B05F-FE7589902DAD} = {7FFF3919-973C-43B4-B05F-FE7589902DAD}
		{7308C25D-A729-4E56-88DC-3E9F60B2C9C1} = {7308C25D-A729-4E56-88DC-3E9F60B2C9C1}
		{1294FDA7-ACAC-4DAE-9D62-E73D3BFE1F4F} = {1294FDA7-ACAC-4DAE-9D62-E73D3BFE1F4F}
		{967FC0B7-C8CB-4F23-8870-BFDB258BDEA8} = {967FC0B7-C8CB-4F23-8870-BFDB258BDEA8}
		{9AA917DF-52EA-4F8F-961A-2B7D9A7764BD} = {9AA917DF-52EA-4F8F-961A-2B7D9A7764BD}
		{FA8E0DE8-6EA5-4C83-A5C5-63A413A3BFD4} = {FA8E0DE8-6EA5-4C83-A5C5-63A413A3BFD4}
		{C76CCEEA-4D6A-41D7-B653-040927EAEF23} = {C76CCEEA-4D6A-41D7-B653-040927EAEF23}
	EndProjectSection
EndProject
Project("{FAE04EC0-301F-11D3-BF4B-00C04F79EFBC}") = "Sectorizacion", "Sectorizacion\Sectorizacion.csproj", "{9AA917DF-52EA-4F8F-961A-2B7D9A7764BD}"
EndProject
Project("{FAE04EC0-301F-11D3-BF4B-00C04F79EFBC}") = "Mensajes", "Mensajes\Mensajes.csproj", "{C76CCEEA-4D6A-41D7-B653-040927EAEF23}"
EndProject
Project("{E24C65DC-7377-472B-9ABA-BC803B73C61A}") = "InterfazSacta", "InterfazSacta\", "{0CF731EA-A45A-40C0-92BA-F19C39C75AA5}"
	ProjectSection(WebsiteProperties) = preProject
		TargetFrameworkMoniker = ".NETFramework,Version%3Dv4.5"
		ProjectReferences = "{FA8E0DE8-6EA5-4C83-A5C5-63A413A3BFD4}|Sacta.dll;{7308C25D-A729-4E56-88DC-3E9F60B2C9C1}|BDCD40.dll;{9AA917DF-52EA-4F8F-961A-2B7D9A7764BD}|SectorizacionDll.dll;{D9D5B865-733E-4FC9-9A1D-8319E1380ADE}|UtilitiesCD40.dll;"
		Debug.AspNetCompiler.VirtualPath = "/InterfazSacta"
		Debug.AspNetCompiler.PhysicalPath = "InterfazSacta\"
		Debug.AspNetCompiler.TargetPath = "PrecompiledWeb\InterfazSacta\"
		Debug.AspNetCompiler.Updateable = "true"
		Debug.AspNetCompiler.ForceOverwrite = "true"
		Debug.AspNetCompiler.FixedNames = "false"
		Debug.AspNetCompiler.Debug = "True"
		Release.AspNetCompiler.VirtualPath = "/InterfazSacta"
		Release.AspNetCompiler.PhysicalPath = "InterfazSacta\"
		Release.AspNetCompiler.TargetPath = "PrecompiledWeb\InterfazSacta\"
		Release.AspNetCompiler.Updateable = "true"
		Release.AspNetCompiler.ForceOverwrite = "true"
		Release.AspNetCompiler.FixedNames = "false"
		Release.AspNetCompiler.Debug = "False"
		VWDPort = "51277"
		DefaultWebSiteLanguage = "Visual C#"
	EndProjectSection
EndProject
Project("{FAE04EC0-301F-11D3-BF4B-00C04F79EFBC}") = "Sacta", "Sacta\Sacta.csproj", "{FA8E0DE8-6EA5-4C83-A5C5-63A413A3BFD4}"
	ProjectSection(ProjectDependencies) = postProject
		{D9D5B865-733E-4FC9-9A1D-8319E1380ADE} = {D9D5B865-733E-4FC9-9A1D-8319E1380ADE}
	EndProjectSection
EndProject
Project("{FAE04EC0-301F-11D3-BF4B-00C04F79EFBC}") = "SincroCD30", "SincroCD30\SincroCD30.csproj", "{D26A125D-D781-4487-929B-4DB85DAFAED9}"
EndProject
Project("{E24C65DC-7377-472B-9ABA-BC803B73C61A}") = "SincronizaCD30", "SincronizaCD30\", "{7FFF3919-973C-43B4-B05F-FE7589902DAD}"
	ProjectSection(WebsiteProperties) = preProject
		TargetFrameworkMoniker = ".NETFramework,Version%3Dv4.5"
		ProjectReferences = "{d26a125d-d781-4487-929b-4db85dafaed9}|SincroCD30.dll;"
		Debug.AspNetCompiler.VirtualPath = "/SincronizaCD30"
		Debug.AspNetCompiler.PhysicalPath = "SincronizaCD30\"
		Debug.AspNetCompiler.TargetPath = "PrecompiledWeb\SincronizaCD30\"
		Debug.AspNetCompiler.Updateable = "true"
		Debug.AspNetCompiler.ForceOverwrite = "true"
		Debug.AspNetCompiler.FixedNames = "false"
		Debug.AspNetCompiler.Debug = "True"
		Release.AspNetCompiler.VirtualPath = "/SincronizaCD30"
		Release.AspNetCompiler.PhysicalPath = "SincronizaCD30\"
		Release.AspNetCompiler.TargetPath = "PrecompiledWeb\SincronizaCD30\"
		Release.AspNetCompiler.Updateable = "true"
		Release.AspNetCompiler.ForceOverwrite = "true"
		Release.AspNetCompiler.FixedNames = "false"
		Release.AspNetCompiler.Debug = "False"
		VWDPort = "51281"
	EndProjectSection
EndProject
Project("{FAE04EC0-301F-11D3-BF4B-00C04F79EFBC}") = "ServicioBackups", "ServicioBackups\ServicioBackups\ServicioBackups.csproj", "{967FC0B7-C8CB-4F23-8870-BFDB258BDEA8}"
EndProject
Project("{E24C65DC-7377-472B-9ABA-BC803B73C61A}") = "InterfazSOAPConfiguracion", "InterfazSOAPConfiguracion\", "{D44F3927-5DDA-4D5D-922C-A093079E23CA}"
	ProjectSection(WebsiteProperties) = preProject
		TargetFrameworkMoniker = ".NETFramework,Version%3Dv4.5"
		ProjectReferences = "{7308C25D-A729-4E56-88DC-3E9F60B2C9C1}|BDCD40.dll;{9AA917DF-52EA-4F8F-961A-2B7D9A7764BD}|SectorizacionDll.dll;{D9D5B865-733E-4FC9-9A1D-8319E1380ADE}|UtilitiesCD40.dll;"
		Debug.AspNetCompiler.VirtualPath = "/InterfazSOAPConfiguracion"
		Debug.AspNetCompiler.PhysicalPath = "InterfazSOAPConfiguracion\"
		Debug.AspNetCompiler.TargetPath = "PrecompiledWeb\InterfazSOAPConfiguracion\"
		Debug.AspNetCompiler.Updateable = "true"
		Debug.AspNetCompiler.ForceOverwrite = "true"
		Debug.AspNetCompiler.FixedNames = "false"
		Debug.AspNetCompiler.Debug = "True"
		Release.AspNetCompiler.VirtualPath = "/InterfazSOAPConfiguracion"
		Release.AspNetCompiler.PhysicalPath = "InterfazSOAPConfiguracion\"
		Release.AspNetCompiler.TargetPath = "PrecompiledWeb\InterfazSOAPConfiguracion\"
		Release.AspNetCompiler.Updateable = "true"
		Release.AspNetCompiler.ForceOverwrite = "true"
		Release.AspNetCompiler.FixedNames = "false"
		Release.AspNetCompiler.Debug = "False"
		VWDPort = "53011"
	EndProjectSection
EndProject
Project("{FAE04EC0-301F-11D3-BF4B-00C04F79EFBC}") = "UtilitiesCD40", "Utilities\UtilitiesCD40.csproj", "{D9D5B865-733E-4FC9-9A1D-8319E1380ADE}"
EndProject
Project("{2150E333-8FDC-42A3-9474-1A3956D46DE8}") = "Cluster", "Cluster", "{871623CD-6DBF-43C2-8B6F-7E8915A10536}"
EndProject
Project("{FAE04EC0-301F-11D3-BF4B-00C04F79EFBC}") = "Utilities", "Cluster C#\Utilities\Utilities.csproj", "{822F500D-ADB8-4BB1-8A1C-E9FEAFF369B0}"
EndProject
Project("{FAE04EC0-301F-11D3-BF4B-00C04F79EFBC}") = "ClusterLib", "Cluster C#\SoftCluster\ClusterLib\ClusterLib.csproj", "{F4A852F5-4DA4-4B99-A1D3-C881D12E8488}"
EndProject
Project("{2150E333-8FDC-42A3-9474-1A3956D46DE8}") = "Control Sacta", "Control Sacta", "{2019F0F3-9EFD-4F70-B443-1C3121A2EF2F}"
EndProject
Project("{FAE04EC0-301F-11D3-BF4B-00C04F79EFBC}") = "SimulSACTA", "SimulSacta\SimulSACTA.csproj", "{66E1165B-77A6-4A49-8270-EA43C816D1C9}"
EndProject
Global
	GlobalSection(SolutionConfigurationPlatforms) = preSolution
		Debug|.NET = Debug|.NET
		Debug|Any CPU = Debug|Any CPU
		Debug|Mixed Platforms = Debug|Mixed Platforms
		Debug|Win32 = Debug|Win32
		Debug|x86 = Debug|x86
		Release|.NET = Release|.NET
		Release|Any CPU = Release|Any CPU
		Release|Mixed Platforms = Release|Mixed Platforms
		Release|Win32 = Release|Win32
		Release|x86 = Release|x86
	EndGlobalSection
	GlobalSection(ProjectConfigurationPlatforms) = postSolution
		{7308C25D-A729-4E56-88DC-3E9F60B2C9C1}.Debug|.NET.ActiveCfg = Debug|Any CPU
		{7308C25D-A729-4E56-88DC-3E9F60B2C9C1}.Debug|.NET.Build.0 = Debug|Any CPU
		{7308C25D-A729-4E56-88DC-3E9F60B2C9C1}.Debug|Any CPU.ActiveCfg = Debug|Any CPU
		{7308C25D-A729-4E56-88DC-3E9F60B2C9C1}.Debug|Any CPU.Build.0 = Debug|Any CPU
		{7308C25D-A729-4E56-88DC-3E9F60B2C9C1}.Debug|Mixed Platforms.ActiveCfg = Debug|Any CPU
		{7308C25D-A729-4E56-88DC-3E9F60B2C9C1}.Debug|Mixed Platforms.Build.0 = Debug|Any CPU
		{7308C25D-A729-4E56-88DC-3E9F60B2C9C1}.Debug|Win32.ActiveCfg = Debug|Any CPU
		{7308C25D-A729-4E56-88DC-3E9F60B2C9C1}.Debug|x86.ActiveCfg = Debug|Any CPU
		{7308C25D-A729-4E56-88DC-3E9F60B2C9C1}.Release|.NET.ActiveCfg = Release|Any CPU
		{7308C25D-A729-4E56-88DC-3E9F60B2C9C1}.Release|.NET.Build.0 = Release|Any CPU
		{7308C25D-A729-4E56-88DC-3E9F60B2C9C1}.Release|Any CPU.ActiveCfg = Release|Any CPU
		{7308C25D-A729-4E56-88DC-3E9F60B2C9C1}.Release|Any CPU.Build.0 = Release|Any CPU
		{7308C25D-A729-4E56-88DC-3E9F60B2C9C1}.Release|Mixed Platforms.ActiveCfg = Release|Any CPU
		{7308C25D-A729-4E56-88DC-3E9F60B2C9C1}.Release|Mixed Platforms.Build.0 = Release|Any CPU
		{7308C25D-A729-4E56-88DC-3E9F60B2C9C1}.Release|Win32.ActiveCfg = Release|Any CPU
		{7308C25D-A729-4E56-88DC-3E9F60B2C9C1}.Release|x86.ActiveCfg = Release|Any CPU
		{1294FDA7-ACAC-4DAE-9D62-E73D3BFE1F4F}.Debug|.NET.ActiveCfg = Debug|Any CPU
		{1294FDA7-ACAC-4DAE-9D62-E73D3BFE1F4F}.Debug|.NET.Build.0 = Debug|Any CPU
		{1294FDA7-ACAC-4DAE-9D62-E73D3BFE1F4F}.Debug|Any CPU.ActiveCfg = Debug|Any CPU
		{1294FDA7-ACAC-4DAE-9D62-E73D3BFE1F4F}.Debug|Any CPU.Build.0 = Debug|Any CPU
		{1294FDA7-ACAC-4DAE-9D62-E73D3BFE1F4F}.Debug|Mixed Platforms.ActiveCfg = Debug|Any CPU
		{1294FDA7-ACAC-4DAE-9D62-E73D3BFE1F4F}.Debug|Mixed Platforms.Build.0 = Debug|Any CPU
		{1294FDA7-ACAC-4DAE-9D62-E73D3BFE1F4F}.Debug|Win32.ActiveCfg = Debug|Any CPU
		{1294FDA7-ACAC-4DAE-9D62-E73D3BFE1F4F}.Debug|x86.ActiveCfg = Debug|Any CPU
		{1294FDA7-ACAC-4DAE-9D62-E73D3BFE1F4F}.Release|.NET.ActiveCfg = Debug|Any CPU
		{1294FDA7-ACAC-4DAE-9D62-E73D3BFE1F4F}.Release|.NET.Build.0 = Debug|Any CPU
		{1294FDA7-ACAC-4DAE-9D62-E73D3BFE1F4F}.Release|Any CPU.ActiveCfg = Debug|Any CPU
		{1294FDA7-ACAC-4DAE-9D62-E73D3BFE1F4F}.Release|Mixed Platforms.ActiveCfg = Debug|Any CPU
		{1294FDA7-ACAC-4DAE-9D62-E73D3BFE1F4F}.Release|Mixed Platforms.Build.0 = Debug|Any CPU
		{1294FDA7-ACAC-4DAE-9D62-E73D3BFE1F4F}.Release|Win32.ActiveCfg = Debug|Any CPU
		{1294FDA7-ACAC-4DAE-9D62-E73D3BFE1F4F}.Release|x86.ActiveCfg = Debug|Any CPU
		{F5725393-2DFD-4000-B473-915E68EA51BB}.Debug|.NET.ActiveCfg = Debug|Any CPU
		{F5725393-2DFD-4000-B473-915E68EA51BB}.Debug|.NET.Build.0 = Debug|Any CPU
		{F5725393-2DFD-4000-B473-915E68EA51BB}.Debug|Any CPU.ActiveCfg = Debug|Any CPU
		{F5725393-2DFD-4000-B473-915E68EA51BB}.Debug|Any CPU.Build.0 = Debug|Any CPU
		{F5725393-2DFD-4000-B473-915E68EA51BB}.Debug|Mixed Platforms.ActiveCfg = Debug|Any CPU
		{F5725393-2DFD-4000-B473-915E68EA51BB}.Debug|Mixed Platforms.Build.0 = Debug|Any CPU
		{F5725393-2DFD-4000-B473-915E68EA51BB}.Debug|Win32.ActiveCfg = Debug|Any CPU
		{F5725393-2DFD-4000-B473-915E68EA51BB}.Debug|x86.ActiveCfg = Debug|Any CPU
		{F5725393-2DFD-4000-B473-915E68EA51BB}.Release|.NET.ActiveCfg = Debug|Any CPU
		{F5725393-2DFD-4000-B473-915E68EA51BB}.Release|.NET.Build.0 = Debug|Any CPU
		{F5725393-2DFD-4000-B473-915E68EA51BB}.Release|Any CPU.ActiveCfg = Debug|Any CPU
		{F5725393-2DFD-4000-B473-915E68EA51BB}.Release|Mixed Platforms.ActiveCfg = Debug|Any CPU
		{F5725393-2DFD-4000-B473-915E68EA51BB}.Release|Mixed Platforms.Build.0 = Debug|Any CPU
		{F5725393-2DFD-4000-B473-915E68EA51BB}.Release|Win32.ActiveCfg = Debug|Any CPU
		{F5725393-2DFD-4000-B473-915E68EA51BB}.Release|x86.ActiveCfg = Debug|Any CPU
		{9AA917DF-52EA-4F8F-961A-2B7D9A7764BD}.Debug|.NET.ActiveCfg = Debug|Any CPU
		{9AA917DF-52EA-4F8F-961A-2B7D9A7764BD}.Debug|.NET.Build.0 = Debug|Any CPU
		{9AA917DF-52EA-4F8F-961A-2B7D9A7764BD}.Debug|Any CPU.ActiveCfg = Debug|Any CPU
		{9AA917DF-52EA-4F8F-961A-2B7D9A7764BD}.Debug|Any CPU.Build.0 = Debug|Any CPU
		{9AA917DF-52EA-4F8F-961A-2B7D9A7764BD}.Debug|Mixed Platforms.ActiveCfg = Debug|Any CPU
		{9AA917DF-52EA-4F8F-961A-2B7D9A7764BD}.Debug|Mixed Platforms.Build.0 = Debug|Any CPU
		{9AA917DF-52EA-4F8F-961A-2B7D9A7764BD}.Debug|Win32.ActiveCfg = Debug|Any CPU
		{9AA917DF-52EA-4F8F-961A-2B7D9A7764BD}.Debug|x86.ActiveCfg = Debug|Any CPU
		{9AA917DF-52EA-4F8F-961A-2B7D9A7764BD}.Release|.NET.ActiveCfg = Release|Any CPU
		{9AA917DF-52EA-4F8F-961A-2B7D9A7764BD}.Release|.NET.Build.0 = Release|Any CPU
		{9AA917DF-52EA-4F8F-961A-2B7D9A7764BD}.Release|Any CPU.ActiveCfg = Release|Any CPU
		{9AA917DF-52EA-4F8F-961A-2B7D9A7764BD}.Release|Any CPU.Build.0 = Release|Any CPU
		{9AA917DF-52EA-4F8F-961A-2B7D9A7764BD}.Release|Mixed Platforms.ActiveCfg = Release|Any CPU
		{9AA917DF-52EA-4F8F-961A-2B7D9A7764BD}.Release|Mixed Platforms.Build.0 = Release|Any CPU
		{9AA917DF-52EA-4F8F-961A-2B7D9A7764BD}.Release|Win32.ActiveCfg = Release|Any CPU
		{9AA917DF-52EA-4F8F-961A-2B7D9A7764BD}.Release|x86.ActiveCfg = Release|Any CPU
		{C76CCEEA-4D6A-41D7-B653-040927EAEF23}.Debug|.NET.ActiveCfg = Debug|Any CPU
		{C76CCEEA-4D6A-41D7-B653-040927EAEF23}.Debug|.NET.Build.0 = Debug|Any CPU
		{C76CCEEA-4D6A-41D7-B653-040927EAEF23}.Debug|Any CPU.ActiveCfg = Debug|Any CPU
		{C76CCEEA-4D6A-41D7-B653-040927EAEF23}.Debug|Any CPU.Build.0 = Debug|Any CPU
		{C76CCEEA-4D6A-41D7-B653-040927EAEF23}.Debug|Mixed Platforms.ActiveCfg = Debug|Any CPU
		{C76CCEEA-4D6A-41D7-B653-040927EAEF23}.Debug|Mixed Platforms.Build.0 = Debug|Any CPU
		{C76CCEEA-4D6A-41D7-B653-040927EAEF23}.Debug|Win32.ActiveCfg = Debug|Any CPU
		{C76CCEEA-4D6A-41D7-B653-040927EAEF23}.Debug|x86.ActiveCfg = Debug|Any CPU
		{C76CCEEA-4D6A-41D7-B653-040927EAEF23}.Release|.NET.ActiveCfg = Release|Any CPU
		{C76CCEEA-4D6A-41D7-B653-040927EAEF23}.Release|.NET.Build.0 = Release|Any CPU
		{C76CCEEA-4D6A-41D7-B653-040927EAEF23}.Release|Any CPU.ActiveCfg = Release|Any CPU
		{C76CCEEA-4D6A-41D7-B653-040927EAEF23}.Release|Any CPU.Build.0 = Release|Any CPU
		{C76CCEEA-4D6A-41D7-B653-040927EAEF23}.Release|Mixed Platforms.ActiveCfg = Release|Any CPU
		{C76CCEEA-4D6A-41D7-B653-040927EAEF23}.Release|Mixed Platforms.Build.0 = Release|Any CPU
		{C76CCEEA-4D6A-41D7-B653-040927EAEF23}.Release|Win32.ActiveCfg = Release|Any CPU
		{C76CCEEA-4D6A-41D7-B653-040927EAEF23}.Release|x86.ActiveCfg = Release|Any CPU
		{0CF731EA-A45A-40C0-92BA-F19C39C75AA5}.Debug|.NET.ActiveCfg = Debug|Any CPU
		{0CF731EA-A45A-40C0-92BA-F19C39C75AA5}.Debug|.NET.Build.0 = Debug|Any CPU
		{0CF731EA-A45A-40C0-92BA-F19C39C75AA5}.Debug|Any CPU.ActiveCfg = Debug|Any CPU
		{0CF731EA-A45A-40C0-92BA-F19C39C75AA5}.Debug|Any CPU.Build.0 = Debug|Any CPU
		{0CF731EA-A45A-40C0-92BA-F19C39C75AA5}.Debug|Mixed Platforms.ActiveCfg = Debug|Any CPU
		{0CF731EA-A45A-40C0-92BA-F19C39C75AA5}.Debug|Mixed Platforms.Build.0 = Debug|Any CPU
		{0CF731EA-A45A-40C0-92BA-F19C39C75AA5}.Debug|Win32.ActiveCfg = Debug|Any CPU
		{0CF731EA-A45A-40C0-92BA-F19C39C75AA5}.Debug|x86.ActiveCfg = Debug|Any CPU
		{0CF731EA-A45A-40C0-92BA-F19C39C75AA5}.Release|.NET.ActiveCfg = Debug|Any CPU
		{0CF731EA-A45A-40C0-92BA-F19C39C75AA5}.Release|.NET.Build.0 = Debug|Any CPU
		{0CF731EA-A45A-40C0-92BA-F19C39C75AA5}.Release|Any CPU.ActiveCfg = Debug|Any CPU
		{0CF731EA-A45A-40C0-92BA-F19C39C75AA5}.Release|Mixed Platforms.ActiveCfg = Debug|Any CPU
		{0CF731EA-A45A-40C0-92BA-F19C39C75AA5}.Release|Mixed Platforms.Build.0 = Debug|Any CPU
		{0CF731EA-A45A-40C0-92BA-F19C39C75AA5}.Release|Win32.ActiveCfg = Debug|Any CPU
		{0CF731EA-A45A-40C0-92BA-F19C39C75AA5}.Release|x86.ActiveCfg = Debug|Any CPU
		{FA8E0DE8-6EA5-4C83-A5C5-63A413A3BFD4}.Debug|.NET.ActiveCfg = Debug|Any CPU
		{FA8E0DE8-6EA5-4C83-A5C5-63A413A3BFD4}.Debug|.NET.Build.0 = Debug|Any CPU
		{FA8E0DE8-6EA5-4C83-A5C5-63A413A3BFD4}.Debug|Any CPU.ActiveCfg = Debug|Any CPU
		{FA8E0DE8-6EA5-4C83-A5C5-63A413A3BFD4}.Debug|Any CPU.Build.0 = Debug|Any CPU
		{FA8E0DE8-6EA5-4C83-A5C5-63A413A3BFD4}.Debug|Mixed Platforms.ActiveCfg = Debug|Any CPU
		{FA8E0DE8-6EA5-4C83-A5C5-63A413A3BFD4}.Debug|Mixed Platforms.Build.0 = Debug|Any CPU
		{FA8E0DE8-6EA5-4C83-A5C5-63A413A3BFD4}.Debug|Win32.ActiveCfg = Debug|Any CPU
		{FA8E0DE8-6EA5-4C83-A5C5-63A413A3BFD4}.Debug|x86.ActiveCfg = Debug|Any CPU
		{FA8E0DE8-6EA5-4C83-A5C5-63A413A3BFD4}.Release|.NET.ActiveCfg = Release|Any CPU
		{FA8E0DE8-6EA5-4C83-A5C5-63A413A3BFD4}.Release|.NET.Build.0 = Release|Any CPU
		{FA8E0DE8-6EA5-4C83-A5C5-63A413A3BFD4}.Release|Any CPU.ActiveCfg = Release|Any CPU
		{FA8E0DE8-6EA5-4C83-A5C5-63A413A3BFD4}.Release|Any CPU.Build.0 = Release|Any CPU
		{FA8E0DE8-6EA5-4C83-A5C5-63A413A3BFD4}.Release|Mixed Platforms.ActiveCfg = Release|Any CPU
		{FA8E0DE8-6EA5-4C83-A5C5-63A413A3BFD4}.Release|Mixed Platforms.Build.0 = Release|Any CPU
		{FA8E0DE8-6EA5-4C83-A5C5-63A413A3BFD4}.Release|Win32.ActiveCfg = Release|Any CPU
		{FA8E0DE8-6EA5-4C83-A5C5-63A413A3BFD4}.Release|x86.ActiveCfg = Release|Any CPU
		{D26A125D-D781-4487-929B-4DB85DAFAED9}.Debug|.NET.ActiveCfg = Debug|Any CPU
		{D26A125D-D781-4487-929B-4DB85DAFAED9}.Debug|.NET.Build.0 = Debug|Any CPU
		{D26A125D-D781-4487-929B-4DB85DAFAED9}.Debug|Any CPU.ActiveCfg = Debug|Any CPU
		{D26A125D-D781-4487-929B-4DB85DAFAED9}.Debug|Any CPU.Build.0 = Debug|Any CPU
		{D26A125D-D781-4487-929B-4DB85DAFAED9}.Debug|Mixed Platforms.ActiveCfg = Debug|Any CPU
		{D26A125D-D781-4487-929B-4DB85DAFAED9}.Debug|Mixed Platforms.Build.0 = Debug|Any CPU
		{D26A125D-D781-4487-929B-4DB85DAFAED9}.Debug|Win32.ActiveCfg = Debug|Any CPU
		{D26A125D-D781-4487-929B-4DB85DAFAED9}.Debug|x86.ActiveCfg = Debug|Any CPU
		{D26A125D-D781-4487-929B-4DB85DAFAED9}.Release|.NET.ActiveCfg = Release|Any CPU
		{D26A125D-D781-4487-929B-4DB85DAFAED9}.Release|.NET.Build.0 = Release|Any CPU
		{D26A125D-D781-4487-929B-4DB85DAFAED9}.Release|Any CPU.ActiveCfg = Release|Any CPU
		{D26A125D-D781-4487-929B-4DB85DAFAED9}.Release|Any CPU.Build.0 = Release|Any CPU
		{D26A125D-D781-4487-929B-4DB85DAFAED9}.Release|Mixed Platforms.ActiveCfg = Release|Any CPU
		{D26A125D-D781-4487-929B-4DB85DAFAED9}.Release|Mixed Platforms.Build.0 = Release|Any CPU
		{D26A125D-D781-4487-929B-4DB85DAFAED9}.Release|Win32.ActiveCfg = Release|Any CPU
		{D26A125D-D781-4487-929B-4DB85DAFAED9}.Release|x86.ActiveCfg = Release|Any CPU
		{7FFF3919-973C-43B4-B05F-FE7589902DAD}.Debug|.NET.ActiveCfg = Debug|Any CPU
		{7FFF3919-973C-43B4-B05F-FE7589902DAD}.Debug|.NET.Build.0 = Debug|Any CPU
		{7FFF3919-973C-43B4-B05F-FE7589902DAD}.Debug|Any CPU.ActiveCfg = Debug|Any CPU
		{7FFF3919-973C-43B4-B05F-FE7589902DAD}.Debug|Any CPU.Build.0 = Debug|Any CPU
		{7FFF3919-973C-43B4-B05F-FE7589902DAD}.Debug|Mixed Platforms.ActiveCfg = Debug|Any CPU
		{7FFF3919-973C-43B4-B05F-FE7589902DAD}.Debug|Mixed Platforms.Build.0 = Debug|Any CPU
		{7FFF3919-973C-43B4-B05F-FE7589902DAD}.Debug|Win32.ActiveCfg = Debug|Any CPU
		{7FFF3919-973C-43B4-B05F-FE7589902DAD}.Debug|x86.ActiveCfg = Debug|Any CPU
		{7FFF3919-973C-43B4-B05F-FE7589902DAD}.Release|.NET.ActiveCfg = Debug|Any CPU
		{7FFF3919-973C-43B4-B05F-FE7589902DAD}.Release|.NET.Build.0 = Debug|Any CPU
		{7FFF3919-973C-43B4-B05F-FE7589902DAD}.Release|Any CPU.ActiveCfg = Debug|Any CPU
		{7FFF3919-973C-43B4-B05F-FE7589902DAD}.Release|Mixed Platforms.ActiveCfg = Debug|Any CPU
		{7FFF3919-973C-43B4-B05F-FE7589902DAD}.Release|Mixed Platforms.Build.0 = Debug|Any CPU
		{7FFF3919-973C-43B4-B05F-FE7589902DAD}.Release|Win32.ActiveCfg = Debug|Any CPU
		{7FFF3919-973C-43B4-B05F-FE7589902DAD}.Release|x86.ActiveCfg = Debug|Any CPU
		{967FC0B7-C8CB-4F23-8870-BFDB258BDEA8}.Debug|.NET.ActiveCfg = Debug|Any CPU
		{967FC0B7-C8CB-4F23-8870-BFDB258BDEA8}.Debug|.NET.Build.0 = Debug|Any CPU
		{967FC0B7-C8CB-4F23-8870-BFDB258BDEA8}.Debug|Any CPU.ActiveCfg = Debug|Any CPU
		{967FC0B7-C8CB-4F23-8870-BFDB258BDEA8}.Debug|Any CPU.Build.0 = Debug|Any CPU
		{967FC0B7-C8CB-4F23-8870-BFDB258BDEA8}.Debug|Mixed Platforms.ActiveCfg = Debug|Any CPU
		{967FC0B7-C8CB-4F23-8870-BFDB258BDEA8}.Debug|Mixed Platforms.Build.0 = Debug|Any CPU
		{967FC0B7-C8CB-4F23-8870-BFDB258BDEA8}.Debug|Win32.ActiveCfg = Debug|Any CPU
		{967FC0B7-C8CB-4F23-8870-BFDB258BDEA8}.Debug|x86.ActiveCfg = Debug|Any CPU
		{967FC0B7-C8CB-4F23-8870-BFDB258BDEA8}.Release|.NET.ActiveCfg = Release|Any CPU
		{967FC0B7-C8CB-4F23-8870-BFDB258BDEA8}.Release|.NET.Build.0 = Release|Any CPU
		{967FC0B7-C8CB-4F23-8870-BFDB258BDEA8}.Release|Any CPU.ActiveCfg = Release|Any CPU
		{967FC0B7-C8CB-4F23-8870-BFDB258BDEA8}.Release|Any CPU.Build.0 = Release|Any CPU
		{967FC0B7-C8CB-4F23-8870-BFDB258BDEA8}.Release|Mixed Platforms.ActiveCfg = Release|Any CPU
		{967FC0B7-C8CB-4F23-8870-BFDB258BDEA8}.Release|Mixed Platforms.Build.0 = Release|Any CPU
		{967FC0B7-C8CB-4F23-8870-BFDB258BDEA8}.Release|Win32.ActiveCfg = Release|Any CPU
		{967FC0B7-C8CB-4F23-8870-BFDB258BDEA8}.Release|x86.ActiveCfg = Release|Any CPU
		{D44F3927-5DDA-4D5D-922C-A093079E23CA}.Debug|.NET.ActiveCfg = Debug|Any CPU
		{D44F3927-5DDA-4D5D-922C-A093079E23CA}.Debug|.NET.Build.0 = Debug|Any CPU
		{D44F3927-5DDA-4D5D-922C-A093079E23CA}.Debug|Any CPU.ActiveCfg = Debug|Any CPU
		{D44F3927-5DDA-4D5D-922C-A093079E23CA}.Debug|Any CPU.Build.0 = Debug|Any CPU
		{D44F3927-5DDA-4D5D-922C-A093079E23CA}.Debug|Mixed Platforms.ActiveCfg = Debug|Any CPU
		{D44F3927-5DDA-4D5D-922C-A093079E23CA}.Debug|Mixed Platforms.Build.0 = Debug|Any CPU
		{D44F3927-5DDA-4D5D-922C-A093079E23CA}.Debug|Win32.ActiveCfg = Debug|Any CPU
		{D44F3927-5DDA-4D5D-922C-A093079E23CA}.Debug|x86.ActiveCfg = Debug|Any CPU
		{D44F3927-5DDA-4D5D-922C-A093079E23CA}.Release|.NET.ActiveCfg = Debug|Any CPU
		{D44F3927-5DDA-4D5D-922C-A093079E23CA}.Release|.NET.Build.0 = Debug|Any CPU
		{D44F3927-5DDA-4D5D-922C-A093079E23CA}.Release|Any CPU.ActiveCfg = Debug|Any CPU
		{D44F3927-5DDA-4D5D-922C-A093079E23CA}.Release|Any CPU.Build.0 = Debug|Any CPU
		{D44F3927-5DDA-4D5D-922C-A093079E23CA}.Release|Mixed Platforms.ActiveCfg = Debug|Any CPU
		{D44F3927-5DDA-4D5D-922C-A093079E23CA}.Release|Mixed Platforms.Build.0 = Debug|Any CPU
		{D44F3927-5DDA-4D5D-922C-A093079E23CA}.Release|Win32.ActiveCfg = Debug|Any CPU
		{D44F3927-5DDA-4D5D-922C-A093079E23CA}.Release|x86.ActiveCfg = Debug|Any CPU
		{D9D5B865-733E-4FC9-9A1D-8319E1380ADE}.Debug|.NET.ActiveCfg = Debug|Any CPU
		{D9D5B865-733E-4FC9-9A1D-8319E1380ADE}.Debug|Any CPU.ActiveCfg = Debug|Any CPU
		{D9D5B865-733E-4FC9-9A1D-8319E1380ADE}.Debug|Any CPU.Build.0 = Debug|Any CPU
		{D9D5B865-733E-4FC9-9A1D-8319E1380ADE}.Debug|Mixed Platforms.ActiveCfg = Debug|Any CPU
		{D9D5B865-733E-4FC9-9A1D-8319E1380ADE}.Debug|Mixed Platforms.Build.0 = Debug|Any CPU
		{D9D5B865-733E-4FC9-9A1D-8319E1380ADE}.Debug|Win32.ActiveCfg = Debug|Any CPU
		{D9D5B865-733E-4FC9-9A1D-8319E1380ADE}.Debug|x86.ActiveCfg = Debug|Any CPU
		{D9D5B865-733E-4FC9-9A1D-8319E1380ADE}.Release|.NET.ActiveCfg = Release|Any CPU
		{D9D5B865-733E-4FC9-9A1D-8319E1380ADE}.Release|Any CPU.ActiveCfg = Release|Any CPU
		{D9D5B865-733E-4FC9-9A1D-8319E1380ADE}.Release|Any CPU.Build.0 = Release|Any CPU
		{D9D5B865-733E-4FC9-9A1D-8319E1380ADE}.Release|Mixed Platforms.ActiveCfg = Release|Any CPU
		{D9D5B865-733E-4FC9-9A1D-8319E1380ADE}.Release|Mixed Platforms.Build.0 = Release|Any CPU
		{D9D5B865-733E-4FC9-9A1D-8319E1380ADE}.Release|Win32.ActiveCfg = Release|Any CPU
		{D9D5B865-733E-4FC9-9A1D-8319E1380ADE}.Release|x86.ActiveCfg = Release|Any CPU
		{822F500D-ADB8-4BB1-8A1C-E9FEAFF369B0}.Debug|.NET.ActiveCfg = Debug|Any CPU
		{822F500D-ADB8-4BB1-8A1C-E9FEAFF369B0}.Debug|Any CPU.ActiveCfg = Debug|Any CPU
		{822F500D-ADB8-4BB1-8A1C-E9FEAFF369B0}.Debug|Any CPU.Build.0 = Debug|Any CPU
		{822F500D-ADB8-4BB1-8A1C-E9FEAFF369B0}.Debug|Mixed Platforms.ActiveCfg = Debug|x86
		{822F500D-ADB8-4BB1-8A1C-E9FEAFF369B0}.Debug|Mixed Platforms.Build.0 = Debug|x86
		{822F500D-ADB8-4BB1-8A1C-E9FEAFF369B0}.Debug|Win32.ActiveCfg = Debug|x86
		{822F500D-ADB8-4BB1-8A1C-E9FEAFF369B0}.Debug|Win32.Build.0 = Debug|x86
		{822F500D-ADB8-4BB1-8A1C-E9FEAFF369B0}.Debug|x86.ActiveCfg = Debug|x86
		{822F500D-ADB8-4BB1-8A1C-E9FEAFF369B0}.Debug|x86.Build.0 = Debug|x86
		{822F500D-ADB8-4BB1-8A1C-E9FEAFF369B0}.Release|.NET.ActiveCfg = Release|Any CPU
		{822F500D-ADB8-4BB1-8A1C-E9FEAFF369B0}.Release|Any CPU.ActiveCfg = Release|Any CPU
		{822F500D-ADB8-4BB1-8A1C-E9FEAFF369B0}.Release|Any CPU.Build.0 = Release|Any CPU
		{822F500D-ADB8-4BB1-8A1C-E9FEAFF369B0}.Release|Mixed Platforms.ActiveCfg = Release|x86
		{822F500D-ADB8-4BB1-8A1C-E9FEAFF369B0}.Release|Mixed Platforms.Build.0 = Release|x86
		{822F500D-ADB8-4BB1-8A1C-E9FEAFF369B0}.Release|Win32.ActiveCfg = Release|x86
		{822F500D-ADB8-4BB1-8A1C-E9FEAFF369B0}.Release|Win32.Build.0 = Release|x86
		{822F500D-ADB8-4BB1-8A1C-E9FEAFF369B0}.Release|x86.ActiveCfg = Release|x86
		{822F500D-ADB8-4BB1-8A1C-E9FEAFF369B0}.Release|x86.Build.0 = Release|x86
		{F4A852F5-4DA4-4B99-A1D3-C881D12E8488}.Debug|.NET.ActiveCfg = Debug|Any CPU
		{F4A852F5-4DA4-4B99-A1D3-C881D12E8488}.Debug|Any CPU.ActiveCfg = Debug|Any CPU
		{F4A852F5-4DA4-4B99-A1D3-C881D12E8488}.Debug|Any CPU.Build.0 = Debug|Any CPU
		{F4A852F5-4DA4-4B99-A1D3-C881D12E8488}.Debug|Mixed Platforms.ActiveCfg = Debug|Any CPU
		{F4A852F5-4DA4-4B99-A1D3-C881D12E8488}.Debug|Mixed Platforms.Build.0 = Debug|Any CPU
		{F4A852F5-4DA4-4B99-A1D3-C881D12E8488}.Debug|Win32.ActiveCfg = Debug|Any CPU
		{F4A852F5-4DA4-4B99-A1D3-C881D12E8488}.Debug|x86.ActiveCfg = Debug|Any CPU
		{F4A852F5-4DA4-4B99-A1D3-C881D12E8488}.Release|.NET.ActiveCfg = Release|Any CPU
		{F4A852F5-4DA4-4B99-A1D3-C881D12E8488}.Release|Any CPU.ActiveCfg = Release|Any CPU
		{F4A852F5-4DA4-4B99-A1D3-C881D12E8488}.Release|Any CPU.Build.0 = Release|Any CPU
		{F4A852F5-4DA4-4B99-A1D3-C881D12E8488}.Release|Mixed Platforms.ActiveCfg = Release|Any CPU
		{F4A852F5-4DA4-4B99-A1D3-C881D12E8488}.Release|Mixed Platforms.Build.0 = Release|Any CPU
		{F4A852F5-4DA4-4B99-A1D3-C881D12E8488}.Release|Win32.ActiveCfg = Release|Any CPU
		{F4A852F5-4DA4-4B99-A1D3-C881D12E8488}.Release|x86.ActiveCfg = Release|Any CPU
		{66E1165B-77A6-4A49-8270-EA43C816D1C9}.Debug|.NET.ActiveCfg = Debug|Any CPU
		{66E1165B-77A6-4A49-8270-EA43C816D1C9}.Debug|Any CPU.ActiveCfg = Debug|Any CPU
		{66E1165B-77A6-4A49-8270-EA43C816D1C9}.Debug|Any CPU.Build.0 = Debug|Any CPU
		{66E1165B-77A6-4A49-8270-EA43C816D1C9}.Debug|Mixed Platforms.ActiveCfg = Debug|Any CPU
		{66E1165B-77A6-4A49-8270-EA43C816D1C9}.Debug|Mixed Platforms.Build.0 = Debug|Any CPU
		{66E1165B-77A6-4A49-8270-EA43C816D1C9}.Debug|Win32.ActiveCfg = Debug|Any CPU
		{66E1165B-77A6-4A49-8270-EA43C816D1C9}.Debug|x86.ActiveCfg = Debug|Any CPU
		{66E1165B-77A6-4A49-8270-EA43C816D1C9}.Release|.NET.ActiveCfg = Release|Any CPU
		{66E1165B-77A6-4A49-8270-EA43C816D1C9}.Release|Any CPU.ActiveCfg = Release|Any CPU
		{66E1165B-77A6-4A49-8270-EA43C816D1C9}.Release|Any CPU.Build.0 = Release|Any CPU
		{66E1165B-77A6-4A49-8270-EA43C816D1C9}.Release|Mixed Platforms.ActiveCfg = Release|Any CPU
		{66E1165B-77A6-4A49-8270-EA43C816D1C9}.Release|Mixed Platforms.Build.0 = Release|Any CPU
		{66E1165B-77A6-4A49-8270-EA43C816D1C9}.Release|Win32.ActiveCfg = Release|Any CPU
		{66E1165B-77A6-4A49-8270-EA43C816D1C9}.Release|x86.ActiveCfg = Release|Any CPU
	EndGlobalSection
	GlobalSection(SolutionProperties) = preSolution
		HideSolutionNode = FALSE
	EndGlobalSection
	GlobalSection(NestedProjects) = preSolution
		{FA8E0DE8-6EA5-4C83-A5C5-63A413A3BFD4} = {2019F0F3-9EFD-4F70-B443-1C3121A2EF2F}
		{66E1165B-77A6-4A49-8270-EA43C816D1C9} = {2019F0F3-9EFD-4F70-B443-1C3121A2EF2F}
		{822F500D-ADB8-4BB1-8A1C-E9FEAFF369B0} = {871623CD-6DBF-43C2-8B6F-7E8915A10536}
		{F4A852F5-4DA4-4B99-A1D3-C881D12E8488} = {871623CD-6DBF-43C2-8B6F-7E8915A10536}
	EndGlobalSection
	GlobalSection(ExtensibilityGlobals) = postSolution
		SolutionGuid = {DD26E8E8-A39D-454B-B633-DCD30B3FAEB6}
	EndGlobalSection
EndGlobal
