
Microsoft Visual Studio Solution File, Format Version 9.00
# Visual Studio 2005
Project("{8BC9CEB8-8B4A-11D0-8D11-00A0C91BC942}") = "libgestor", "libgestor\libgestor.vcproj", "{5F643CF0-B0D9-4089-BCA4-5796C83EDC36}"
EndProject
Project("{FAE04EC0-301F-11D3-BF4B-00C04F79EFBC}") = "borrame", "borrame\borrame.csproj", "{666C8C29-8D91-4BA9-A5C2-FBC58702F308}"
EndProject
Global
	GlobalSection(SolutionConfigurationPlatforms) = preSolution
		Debug|Any CPU = Debug|Any CPU
		Debug|Mixed Platforms = Debug|Mixed Platforms
		Debug|Win32 = Debug|Win32
		Release|Any CPU = Release|Any CPU
		Release|Mixed Platforms = Release|Mixed Platforms
		Release|Win32 = Release|Win32
	EndGlobalSection
	GlobalSection(ProjectConfigurationPlatforms) = postSolution
		{5F643CF0-B0D9-4089-BCA4-5796C83EDC36}.Debug|Any CPU.ActiveCfg = Debug|Win32
		{5F643CF0-B0D9-4089-BCA4-5796C83EDC36}.Debug|Mixed Platforms.ActiveCfg = Debug|Win32
		{5F643CF0-B0D9-4089-BCA4-5796C83EDC36}.Debug|Mixed Platforms.Build.0 = Debug|Win32
		{5F643CF0-B0D9-4089-BCA4-5796C83EDC36}.Debug|Win32.ActiveCfg = Debug|Win32
		{5F643CF0-B0D9-4089-BCA4-5796C83EDC36}.Debug|Win32.Build.0 = Debug|Win32
		{5F643CF0-B0D9-4089-BCA4-5796C83EDC36}.Release|Any CPU.ActiveCfg = Release|Win32
		{5F643CF0-B0D9-4089-BCA4-5796C83EDC36}.Release|Mixed Platforms.ActiveCfg = Release|Win32
		{5F643CF0-B0D9-4089-BCA4-5796C83EDC36}.Release|Mixed Platforms.Build.0 = Release|Win32
		{5F643CF0-B0D9-4089-BCA4-5796C83EDC36}.Release|Win32.ActiveCfg = Release|Win32
		{5F643CF0-B0D9-4089-BCA4-5796C83EDC36}.Release|Win32.Build.0 = Release|Win32
		{666C8C29-8D91-4BA9-A5C2-FBC58702F308}.Debug|Any CPU.ActiveCfg = Debug|Any CPU
		{666C8C29-8D91-4BA9-A5C2-FBC58702F308}.Debug|Any CPU.Build.0 = Debug|Any CPU
		{666C8C29-8D91-4BA9-A5C2-FBC58702F308}.Debug|Mixed Platforms.ActiveCfg = Debug|Any CPU
		{666C8C29-8D91-4BA9-A5C2-FBC58702F308}.Debug|Mixed Platforms.Build.0 = Debug|Any CPU
		{666C8C29-8D91-4BA9-A5C2-FBC58702F308}.Debug|Win32.ActiveCfg = Debug|Any CPU
		{666C8C29-8D91-4BA9-A5C2-FBC58702F308}.Release|Any CPU.ActiveCfg = Release|Any CPU
		{666C8C29-8D91-4BA9-A5C2-FBC58702F308}.Release|Any CPU.Build.0 = Release|Any CPU
		{666C8C29-8D91-4BA9-A5C2-FBC58702F308}.Release|Mixed Platforms.ActiveCfg = Release|Any CPU
		{666C8C29-8D91-4BA9-A5C2-FBC58702F308}.Release|Mixed Platforms.Build.0 = Release|Any CPU
		{666C8C29-8D91-4BA9-A5C2-FBC58702F308}.Release|Win32.ActiveCfg = Release|Any CPU
	EndGlobalSection
	GlobalSection(SolutionProperties) = preSolution
		HideSolutionNode = FALSE
	EndGlobalSection
EndGlobal
